
Microsoft Visual Studio Solution File, Format Version 12.00
# Visual Studio Version 16
VisualStudioVersion = 16.0.29324.140
MinimumVisualStudioVersion = 10.0.40219.1
Project("{FAE04EC0-301F-11D3-BF4B-00C04F79EFBC}") = "MusicSite", "MusicSite\MusicSite.csproj", "{4FA09248-226A-4F9D-9259-0959ED01FCBE}"
EndProject
Global
	GlobalSection(SolutionConfigurationPlatforms) = preSolution
		Debug|Any CPU = Debug|Any CPU
		Release|Any CPU = Release|Any CPU
	EndGlobalSection
	GlobalSection(ProjectConfigurationPlatforms) = postSolution
		{4FA09248-226A-4F9D-9259-0959ED01FCBE}.Debug|Any CPU.ActiveCfg = Debug|Any CPU
		{4FA09248-226A-4F9D-9259-0959ED01FCBE}.Debug|Any CPU.Build.0 = Debug|Any CPU
		{4FA09248-226A-4F9D-9259-0959ED01FCBE}.Release|Any CPU.ActiveCfg = Release|Any CPU
		{4FA09248-226A-4F9D-9259-0959ED01FCBE}.Release|Any CPU.Build.0 = Release|Any CPU
	EndGlobalSection
	GlobalSection(SolutionProperties) = preSolution
		HideSolutionNode = FALSE
	EndGlobalSection
	GlobalSection(ExtensibilityGlobals) = postSolution
		SolutionGuid = {BF3641DC-6E40-477C-AE9D-CC2F9F72BC70}
	EndGlobalSection
EndGlobal
